{
  "name": "stripe-charge",
  "version": "1.0.0",
  "lockfileVersion": 1,
  "requires": true,
  "dependencies": {
    "@types/node": {
      "version": "14.10.2",
      "resolved": "https://registry.npmjs.org/@types/node/-/node-14.10.2.tgz",
      "integrity": "sha512-IzMhbDYCpv26pC2wboJ4MMOa9GKtjplXfcAqrMeNJpUUwpM/2ATt2w1JPUXwS6spu856TvKZL2AOmeU2rAxskw=="
    },
    "qs": {
      "version": "6.9.4",
      "resolved": "https://registry.npmjs.org/qs/-/qs-6.9.4.tgz",
      "integrity": "sha512-A1kFqHekCTM7cz0udomYUoYNWjBebHm/5wzU/XqrBRBNWectVH0QIiN+NEcZ0Dte5hvzHwbr8+XQmguPhJ6WdQ=="
    },
    "stripe": {
      "version": "8.96.0",
      "resolved": "https://registry.npmjs.org/stripe/-/stripe-8.96.0.tgz",
      "integrity": "sha512-9bfPq7UYt9+q1pLznyrqWKtyeN1OAdsTQ8X6rleZW0fUeT1jpOhQaEVxq0vnbeqncbiJ1i46JvZp0FUNrfKZ4g==",
      "requires": {
        "@types/node": ">=8.1.0",
        "qs": "^6.6.0"
      }
    }
  }
}
